
Microsoft Visual Studio Solution File, Format Version 12.00
# Visual Studio Version 17
VisualStudioVersion = 17.6.33829.357
MinimumVisualStudioVersion = 10.0.40219.1
Project("{FAE04EC0-301F-11D3-BF4B-00C04F79EFBC}") = "Chat_E_Box_API", "Chat_E_Box_API\Chat_E_Box_API.csproj", "{2459C77E-7833-46C5-AD7A-80EE19E066B7}"
EndProject
Global
	GlobalSection(SolutionConfigurationPlatforms) = preSolution
		Debug|Any CPU = Debug|Any CPU
		Release|Any CPU = Release|Any CPU
	EndGlobalSection
	GlobalSection(ProjectConfigurationPlatforms) = postSolution
		{2459C77E-7833-46C5-AD7A-80EE19E066B7}.Debug|Any CPU.ActiveCfg = Debug|Any CPU
		{2459C77E-7833-46C5-AD7A-80EE19E066B7}.Debug|Any CPU.Build.0 = Debug|Any CPU
		{2459C77E-7833-46C5-AD7A-80EE19E066B7}.Release|Any CPU.ActiveCfg = Release|Any CPU
		{2459C77E-7833-46C5-AD7A-80EE19E066B7}.Release|Any CPU.Build.0 = Release|Any CPU
	EndGlobalSection
	GlobalSection(SolutionProperties) = preSolution
		HideSolutionNode = FALSE
	EndGlobalSection
	GlobalSection(ExtensibilityGlobals) = postSolution
		SolutionGuid = {41692F26-86A1-4B7F-ACDC-BE03A4AD0DB4}
	EndGlobalSection
EndGlobal
